schema: '2.0'
stages:
  collect:
    cmd: python src/pipeline/collect.py --output data/raw/iris_raw.csv
    deps:
    - path: src/pipeline/collect.py
      hash: md5
      md5: 37d0613f608c1d793d084ebfa4b0e5ac
      size: 1544
    outs:
    - path: data/raw/iris_raw.csv
      hash: md5
      md5: 3f25e9e760dc4bd5f3d6d540088cc76b
      size: 8992
  preprocess:
    cmd: python src/pipeline/preprocess.py --input data/raw/iris_raw.csv 
      --output data/processed/iris_preprocessed.csv
    deps:
    - path: data/raw/iris_raw.csv
      hash: md5
      md5: 3f25e9e760dc4bd5f3d6d540088cc76b
      size: 8992
    - path: src/pipeline/preprocess.py
      hash: md5
      md5: 174c559d248fbd7f6b7af8e5d65174fa
      size: 1676
    outs:
    - path: data/processed/iris_preprocessed.csv
      hash: md5
      md5: a14ddf816aea4f7a003d1f974d3aaef1
      size: 4002
  features:
    cmd: python src/pipeline/features.py --input 
      data/processed/iris_preprocessed.csv --output 
      data/processed/iris_features.csv
    deps:
    - path: data/processed/iris_preprocessed.csv
      hash: md5
      md5: a14ddf816aea4f7a003d1f974d3aaef1
      size: 4002
    - path: src/pipeline/features.py
      hash: md5
      md5: 605f7f2b4d65377cae74256d6dd33a4b
      size: 1401
    outs:
    - path: data/processed/iris_features.csv
      hash: md5
      md5: 0e0705fa15985fa70f9354a8213a9a15
      size: 10448
  validate:
    cmd: python src/pipeline/validate.py --input 
      data/processed/iris_features.csv
    deps:
    - path: data/processed/iris_features.csv
      hash: md5
      md5: 0e0705fa15985fa70f9354a8213a9a15
      size: 10448
    - path: src/pipeline/validate.py
      hash: md5
      md5: 3be57045624a57cc3735f9c12092c833
      size: 2243
